
Microsoft Visual Studio Solution File, Format Version 12.00
# Visual Studio 15
VisualStudioVersion = 15.0.26430.6
MinimumVisualStudioVersion = 10.0.40219.1
Project("{FAE04EC0-301F-11D3-BF4B-00C04F79EFBC}") = "GUI", "GUI\GUI.csproj", "{1185AE21-C0A6-4345-8D61-D8BD86F875A3}"
EndProject
Project("{FAE04EC0-301F-11D3-BF4B-00C04F79EFBC}") = "Comparator", "Comparator\Comparator.csproj", "{773E71C7-CAE4-4BDF-B597-15A0AA02DBEC}"
EndProject
Project("{FAE04EC0-301F-11D3-BF4B-00C04F79EFBC}") = "ConsoleUI", "ConsoleUI\ConsoleUI.csproj", "{2303282E-527A-4130-8286-AA3CF4C81D85}"
EndProject
Global
	GlobalSection(SolutionConfigurationPlatforms) = preSolution
		Debug|x64 = Debug|x64
		Release|x64 = Release|x64
	EndGlobalSection
	GlobalSection(ProjectConfigurationPlatforms) = postSolution
		{1185AE21-C0A6-4345-8D61-D8BD86F875A3}.Debug|x64.ActiveCfg = Debug|x64
		{1185AE21-C0A6-4345-8D61-D8BD86F875A3}.Debug|x64.Build.0 = Debug|x64
		{1185AE21-C0A6-4345-8D61-D8BD86F875A3}.Release|x64.ActiveCfg = Release|x64
		{1185AE21-C0A6-4345-8D61-D8BD86F875A3}.Release|x64.Build.0 = Release|x64
		{773E71C7-CAE4-4BDF-B597-15A0AA02DBEC}.Debug|x64.ActiveCfg = Debug|x64
		{773E71C7-CAE4-4BDF-B597-15A0AA02DBEC}.Debug|x64.Build.0 = Debug|x64
		{773E71C7-CAE4-4BDF-B597-15A0AA02DBEC}.Release|x64.ActiveCfg = Release|x64
		{773E71C7-CAE4-4BDF-B597-15A0AA02DBEC}.Release|x64.Build.0 = Release|x64
		{2303282E-527A-4130-8286-AA3CF4C81D85}.Debug|x64.ActiveCfg = Debug|x64
		{2303282E-527A-4130-8286-AA3CF4C81D85}.Debug|x64.Build.0 = Debug|x64
		{2303282E-527A-4130-8286-AA3CF4C81D85}.Release|x64.ActiveCfg = Release|x64
		{2303282E-527A-4130-8286-AA3CF4C81D85}.Release|x64.Build.0 = Release|x64
	EndGlobalSection
	GlobalSection(SolutionProperties) = preSolution
		HideSolutionNode = FALSE
	EndGlobalSection
EndGlobal
