
Microsoft Visual Studio Solution File, Format Version 12.00
# Visual Studio 15
VisualStudioVersion = 15.0.26430.6
MinimumVisualStudioVersion = 10.0.40219.1
Project("{FAE04EC0-301F-11D3-BF4B-00C04F79EFBC}") = "GUI", "GUI\GUI.csproj", "{1185AE21-C0A6-4345-8D61-D8BD86F875A3}"
EndProject
Project("{FAE04EC0-301F-11D3-BF4B-00C04F79EFBC}") = "Comparator", "Comparator\Comparator.csproj", "{773E71C7-CAE4-4BDF-B597-15A0AA02DBEC}"
EndProject
Project("{FAE04EC0-301F-11D3-BF4B-00C04F79EFBC}") = "ConsoleUI", "ConsoleUI\ConsoleUI.csproj", "{2303282E-527A-4130-8286-AA3CF4C81D85}"
EndProject
Global
	GlobalSection(SolutionConfigurationPlatforms) = preSolution
		Debug|Any CPU = Debug|Any CPU
		Release|Any CPU = Release|Any CPU
	EndGlobalSection
	GlobalSection(ProjectConfigurationPlatforms) = postSolution
		{1185AE21-C0A6-4345-8D61-D8BD86F875A3}.Debug|Any CPU.ActiveCfg = Debug|Any CPU
		{1185AE21-C0A6-4345-8D61-D8BD86F875A3}.Debug|Any CPU.Build.0 = Debug|Any CPU
		{1185AE21-C0A6-4345-8D61-D8BD86F875A3}.Release|Any CPU.ActiveCfg = Release|Any CPU
		{1185AE21-C0A6-4345-8D61-D8BD86F875A3}.Release|Any CPU.Build.0 = Release|Any CPU
		{773E71C7-CAE4-4BDF-B597-15A0AA02DBEC}.Debug|Any CPU.ActiveCfg = Debug|Any CPU
		{773E71C7-CAE4-4BDF-B597-15A0AA02DBEC}.Debug|Any CPU.Build.0 = Debug|Any CPU
		{773E71C7-CAE4-4BDF-B597-15A0AA02DBEC}.Release|Any CPU.ActiveCfg = Release|Any CPU
		{773E71C7-CAE4-4BDF-B597-15A0AA02DBEC}.Release|Any CPU.Build.0 = Release|Any CPU
		{2303282E-527A-4130-8286-AA3CF4C81D85}.Debug|Any CPU.ActiveCfg = Debug|Any CPU
		{2303282E-527A-4130-8286-AA3CF4C81D85}.Debug|Any CPU.Build.0 = Debug|Any CPU
		{2303282E-527A-4130-8286-AA3CF4C81D85}.Release|Any CPU.ActiveCfg = Release|Any CPU
		{2303282E-527A-4130-8286-AA3CF4C81D85}.Release|Any CPU.Build.0 = Release|Any CPU
	EndGlobalSection
	GlobalSection(SolutionProperties) = preSolution
		HideSolutionNode = FALSE
	EndGlobalSection
EndGlobal
